// !$*UTF8*$!
{
	archiveVersion = 1;
	classes = {
	};
	objectVersion = 46;
	objects = {

/* Begin PBXBuildFile section */
		0A05057121886016003EF11F /* main.cpp in Sources */ = {isa = PBXBuildFile; fileRef = 0A05057021886016003EF11F /* main.cpp */; };
		0A05057C218862C3003EF11F /* main.cpp in Sources */ = {isa = PBXBuildFile; fileRef = 0A724BE520EE21F300BC26EC /* main.cpp */; };
		0A0505802188729D003EF11F /* BinarySearch14.cpp in Sources */ = {isa = PBXBuildFile; fileRef = 0A05057D2188729D003EF11F /* BinarySearch14.cpp */; };
		0A050584218B076A003EF11F /* TwoSum56.cpp in Sources */ = {isa = PBXBuildFile; fileRef = 0A0505752188605A003EF11F /* TwoSum56.cpp */; };
		0A1F212821477CFB004FFBDE /* List.cpp in Sources */ = {isa = PBXBuildFile; fileRef = 0A1F212721477CFB004FFBDE /* List.cpp */; };
		0A1F212B21477D0B004FFBDE /* ListNode.cpp in Sources */ = {isa = PBXBuildFile; fileRef = 0A1F212A21477D0B004FFBDE /* ListNode.cpp */; };
		0A1F21342148E854004FFBDE /* main.cpp in Sources */ = {isa = PBXBuildFile; fileRef = 0A1F21332148E854004FFBDE /* main.cpp */; };
		0A1F213B2148E872004FFBDE /* Queue.cpp in Sources */ = {isa = PBXBuildFile; fileRef = 0A1F21382148E872004FFBDE /* Queue.cpp */; };
		0A23019F217830D0002AD5F3 /* main.cpp in Sources */ = {isa = PBXBuildFile; fileRef = 0A23019E217830D0002AD5F3 /* main.cpp */; };
		0A2301B72178686B002AD5F3 /* Visitor.cpp in Sources */ = {isa = PBXBuildFile; fileRef = 0A2301B42178686B002AD5F3 /* Visitor.cpp */; };
		0A2301B821788095002AD5F3 /* Queue.cpp in Sources */ = {isa = PBXBuildFile; fileRef = 0A1F21382148E872004FFBDE /* Queue.cpp */; };
		0A2301BC21798240002AD5F3 /* Graph.cpp in Sources */ = {isa = PBXBuildFile; fileRef = 0A2301B921798240002AD5F3 /* Graph.cpp */; };
		0A2301BD21798305002AD5F3 /* Stack.cpp in Sources */ = {isa = PBXBuildFile; fileRef = 8C136B752138417200FB52F1 /* Stack.cpp */; };
		0A2301C121798721002AD5F3 /* GraphMatrix.cpp in Sources */ = {isa = PBXBuildFile; fileRef = 0A2301BE21798721002AD5F3 /* GraphMatrix.cpp */; };
		0A3AFED2213CE6D900D50F09 /* main.cpp in Sources */ = {isa = PBXBuildFile; fileRef = 0A3AFED1213CE6D900D50F09 /* main.cpp */; };
		0A3AFED9213E2A3300D50F09 /* BinaryTree.cpp in Sources */ = {isa = PBXBuildFile; fileRef = 0A3AFED6213E2A3300D50F09 /* BinaryTree.cpp */; };
		0A3AFEDD213E32C600D50F09 /* BinaryNode.cpp in Sources */ = {isa = PBXBuildFile; fileRef = 0A3AFEDA213E32C600D50F09 /* BinaryNode.cpp */; };
		0A402C6C21FFF76C00122300 /* main.cpp in Sources */ = {isa = PBXBuildFile; fileRef = 0A402C6B21FFF76C00122300 /* main.cpp */; };
		0A402C7021FFF78200122300 /* BinaryTree.cpp in Sources */ = {isa = PBXBuildFile; fileRef = 0A3AFED6213E2A3300D50F09 /* BinaryTree.cpp */; };
		0A402C7121FFF78700122300 /* BinaryNode.cpp in Sources */ = {isa = PBXBuildFile; fileRef = 0A3AFEDA213E32C600D50F09 /* BinaryNode.cpp */; };
		0A402C7221FFF78A00122300 /* Visitor.cpp in Sources */ = {isa = PBXBuildFile; fileRef = 0A2301B42178686B002AD5F3 /* Visitor.cpp */; };
		0A402C7521FFF7A200122300 /* BinarySearchTree.cpp in Sources */ = {isa = PBXBuildFile; fileRef = 0A402C7321FFF7A200122300 /* BinarySearchTree.cpp */; };
		0A402C7621FFF7A200122300 /* BinarySearchTree.cpp in Sources */ = {isa = PBXBuildFile; fileRef = 0A402C7321FFF7A200122300 /* BinarySearchTree.cpp */; };
		0A52316B221A8B1600EABFE5 /* List.cpp in Sources */ = {isa = PBXBuildFile; fileRef = 0A1F212721477CFB004FFBDE /* List.cpp */; };
		0A52316C221A8B1800EABFE5 /* List.cpp in Sources */ = {isa = PBXBuildFile; fileRef = 0A1F212721477CFB004FFBDE /* List.cpp */; };
		0A724BED20EE22FE00BC26EC /* gtest.framework in Frameworks */ = {isa = PBXBuildFile; fileRef = 0A724BEA20EE220800BC26EC /* gtest.framework */; };
		0AD3404B218DD99800BE38C5 /* TreeTest.cpp in Sources */ = {isa = PBXBuildFile; fileRef = 0A1F21232146424B004FFBDE /* TreeTest.cpp */; };
		0AD4E2F82137E1CD00647F01 /* main.cpp in Sources */ = {isa = PBXBuildFile; fileRef = 0AD4E2F72137E1CD00647F01 /* main.cpp */; };
		0AF1AE282137E2150012180C /* chapter0.cpp in Sources */ = {isa = PBXBuildFile; fileRef = 0AF1AE272137E2150012180C /* chapter0.cpp */; };
		8C136B712138415200FB52F1 /* main.cpp in Sources */ = {isa = PBXBuildFile; fileRef = 8C136B702138415200FB52F1 /* main.cpp */; };
		8C136B782138417200FB52F1 /* Stack.cpp in Sources */ = {isa = PBXBuildFile; fileRef = 8C136B752138417200FB52F1 /* Stack.cpp */; };
		A518C5391DC7522000BEF286 /* main.cpp in Sources */ = {isa = PBXBuildFile; fileRef = A518C5381DC7522000BEF286 /* main.cpp */; };
		A518C5461DC7524D00BEF286 /* main.cpp in Sources */ = {isa = PBXBuildFile; fileRef = A518C5451DC7524D00BEF286 /* main.cpp */; };
/* End PBXBuildFile section */

/* Begin PBXCopyFilesBuildPhase section */
		0A05056C21886016003EF11F /* CopyFiles */ = {
			isa = PBXCopyFilesBuildPhase;
			buildActionMask = 2147483647;
			dstPath = /usr/share/man/man1/;
			dstSubfolderSpec = 0;
			files = (
			);
			runOnlyForDeploymentPostprocessing = 1;
		};
		0A1F212F2148E854004FFBDE /* CopyFiles */ = {
			isa = PBXCopyFilesBuildPhase;
			buildActionMask = 2147483647;
			dstPath = /usr/share/man/man1/;
			dstSubfolderSpec = 0;
			files = (
			);
			runOnlyForDeploymentPostprocessing = 1;
		};
		0A23019A217830D0002AD5F3 /* CopyFiles */ = {
			isa = PBXCopyFilesBuildPhase;
			buildActionMask = 2147483647;
			dstPath = /usr/share/man/man1/;
			dstSubfolderSpec = 0;
			files = (
			);
			runOnlyForDeploymentPostprocessing = 1;
		};
		0A3AFECD213CE6D900D50F09 /* CopyFiles */ = {
			isa = PBXCopyFilesBuildPhase;
			buildActionMask = 2147483647;
			dstPath = /usr/share/man/man1/;
			dstSubfolderSpec = 0;
			files = (
			);
			runOnlyForDeploymentPostprocessing = 1;
		};
		0A402C6721FFF76C00122300 /* CopyFiles */ = {
			isa = PBXCopyFilesBuildPhase;
			buildActionMask = 2147483647;
			dstPath = /usr/share/man/man1/;
			dstSubfolderSpec = 0;
			files = (
			);
			runOnlyForDeploymentPostprocessing = 1;
		};
		0A724BE120EE21F300BC26EC /* CopyFiles */ = {
			isa = PBXCopyFilesBuildPhase;
			buildActionMask = 2147483647;
			dstPath = /usr/share/man/man1/;
			dstSubfolderSpec = 0;
			files = (
			);
			runOnlyForDeploymentPostprocessing = 1;
		};
		0AD4E2F32137E1CD00647F01 /* CopyFiles */ = {
			isa = PBXCopyFilesBuildPhase;
			buildActionMask = 2147483647;
			dstPath = /usr/share/man/man1/;
			dstSubfolderSpec = 0;
			files = (
			);
			runOnlyForDeploymentPostprocessing = 1;
		};
		8C136B6C2138415200FB52F1 /* CopyFiles */ = {
			isa = PBXCopyFilesBuildPhase;
			buildActionMask = 2147483647;
			dstPath = /usr/share/man/man1/;
			dstSubfolderSpec = 0;
			files = (
			);
			runOnlyForDeploymentPostprocessing = 1;
		};
		8C136B7B2139782600FB52F1 /* CopyFiles */ = {
			isa = PBXCopyFilesBuildPhase;
			buildActionMask = 2147483647;
			dstPath = /usr/share/man/man1/;
			dstSubfolderSpec = 0;
			files = (
			);
			runOnlyForDeploymentPostprocessing = 1;
		};
		A518C5331DC7522000BEF286 /* CopyFiles */ = {
			isa = PBXCopyFilesBuildPhase;
			buildActionMask = 2147483647;
			dstPath = /usr/share/man/man1/;
			dstSubfolderSpec = 0;
			files = (
			);
			runOnlyForDeploymentPostprocessing = 1;
		};
		A518C5411DC7524D00BEF286 /* CopyFiles */ = {
			isa = PBXCopyFilesBuildPhase;
			buildActionMask = 2147483647;
			dstPath = /usr/share/man/man1/;
			dstSubfolderSpec = 0;
			files = (
			);
			runOnlyForDeploymentPostprocessing = 1;
		};
/* End PBXCopyFilesBuildPhase section */

/* Begin PBXFileReference section */
		0A05056E21886016003EF11F /* LintCode */ = {isa = PBXFileReference; explicitFileType = "compiled.mach-o.executable"; includeInIndex = 0; path = LintCode; sourceTree = BUILT_PRODUCTS_DIR; };
		0A05057021886016003EF11F /* main.cpp */ = {isa = PBXFileReference; lastKnownFileType = sourcecode.cpp.cpp; path = main.cpp; sourceTree = "<group>"; };
		0A0505752188605A003EF11F /* TwoSum56.cpp */ = {isa = PBXFileReference; fileEncoding = 4; lastKnownFileType = sourcecode.cpp.cpp; path = TwoSum56.cpp; sourceTree = "<group>"; };
		0A050578218860CF003EF11F /* LintCode.cpp */ = {isa = PBXFileReference; lastKnownFileType = sourcecode.cpp.cpp; path = LintCode.cpp; sourceTree = "<group>"; };
		0A05057B21886156003EF11F /* TwoSum56.h */ = {isa = PBXFileReference; lastKnownFileType = sourcecode.c.h; path = TwoSum56.h; sourceTree = "<group>"; };
		0A05057D2188729D003EF11F /* BinarySearch14.cpp */ = {isa = PBXFileReference; lastKnownFileType = sourcecode.cpp.cpp; path = BinarySearch14.cpp; sourceTree = "<group>"; };
		0A05057E2188729D003EF11F /* BinarySearch14.hpp */ = {isa = PBXFileReference; lastKnownFileType = sourcecode.cpp.h; path = BinarySearch14.hpp; sourceTree = "<group>"; };
		0A0505812188742F003EF11F /* BinarySearch14Test.cpp */ = {isa = PBXFileReference; lastKnownFileType = sourcecode.cpp.cpp; path = BinarySearch14Test.cpp; sourceTree = "<group>"; };
		0A1F21232146424B004FFBDE /* TreeTest.cpp */ = {isa = PBXFileReference; lastKnownFileType = sourcecode.cpp.cpp; path = TreeTest.cpp; sourceTree = "<group>"; };
		0A1F2125214650B1004FFBDE /* StackApply.cpp */ = {isa = PBXFileReference; lastKnownFileType = sourcecode.cpp.cpp; path = StackApply.cpp; sourceTree = "<group>"; };
		0A1F212721477CFB004FFBDE /* List.cpp */ = {isa = PBXFileReference; lastKnownFileType = sourcecode.cpp.cpp; path = List.cpp; sourceTree = "<group>"; };
		0A1F212A21477D0B004FFBDE /* ListNode.cpp */ = {isa = PBXFileReference; lastKnownFileType = sourcecode.cpp.cpp; path = ListNode.cpp; sourceTree = "<group>"; };
		0A1F21312148E854004FFBDE /* Chapter4_Queue */ = {isa = PBXFileReference; explicitFileType = "compiled.mach-o.executable"; includeInIndex = 0; path = Chapter4_Queue; sourceTree = BUILT_PRODUCTS_DIR; };
		0A1F21332148E854004FFBDE /* main.cpp */ = {isa = PBXFileReference; lastKnownFileType = sourcecode.cpp.cpp; path = main.cpp; sourceTree = "<group>"; };
		0A1F21382148E872004FFBDE /* Queue.cpp */ = {isa = PBXFileReference; lastKnownFileType = sourcecode.cpp.cpp; path = Queue.cpp; sourceTree = "<group>"; };
		0A1F21392148E872004FFBDE /* Queue.hpp */ = {isa = PBXFileReference; lastKnownFileType = sourcecode.cpp.h; path = Queue.hpp; sourceTree = "<group>"; };
		0A1F213C2148E96C004FFBDE /* QueueTest.cpp */ = {isa = PBXFileReference; lastKnownFileType = sourcecode.cpp.cpp; path = QueueTest.cpp; sourceTree = "<group>"; };
		0A1F213F214A07DE004FFBDE /* QueueApply.cpp */ = {isa = PBXFileReference; lastKnownFileType = sourcecode.cpp.cpp; path = QueueApply.cpp; sourceTree = "<group>"; };
		0A23019C217830D0002AD5F3 /* Chapter6_Graph */ = {isa = PBXFileReference; explicitFileType = "compiled.mach-o.executable"; includeInIndex = 0; path = Chapter6_Graph; sourceTree = BUILT_PRODUCTS_DIR; };
		0A23019E217830D0002AD5F3 /* main.cpp */ = {isa = PBXFileReference; lastKnownFileType = sourcecode.cpp.cpp; path = main.cpp; sourceTree = "<group>"; };
		0A2301B42178686B002AD5F3 /* Visitor.cpp */ = {isa = PBXFileReference; lastKnownFileType = sourcecode.cpp.cpp; path = Visitor.cpp; sourceTree = "<group>"; };
		0A2301B52178686B002AD5F3 /* Visitor.hpp */ = {isa = PBXFileReference; lastKnownFileType = sourcecode.cpp.h; path = Visitor.hpp; sourceTree = "<group>"; };
		0A2301B921798240002AD5F3 /* Graph.cpp */ = {isa = PBXFileReference; lastKnownFileType = sourcecode.cpp.cpp; path = Graph.cpp; sourceTree = "<group>"; };
		0A2301BA21798240002AD5F3 /* Graph.hpp */ = {isa = PBXFileReference; lastKnownFileType = sourcecode.cpp.h; path = Graph.hpp; sourceTree = "<group>"; };
		0A2301BE21798721002AD5F3 /* GraphMatrix.cpp */ = {isa = PBXFileReference; lastKnownFileType = sourcecode.cpp.cpp; path = GraphMatrix.cpp; sourceTree = "<group>"; };
		0A2301BF21798721002AD5F3 /* GraphMatrix.hpp */ = {isa = PBXFileReference; lastKnownFileType = sourcecode.cpp.h; path = GraphMatrix.hpp; sourceTree = "<group>"; };
		0A3AFECF213CE6D900D50F09 /* Chapter5_Tree */ = {isa = PBXFileReference; explicitFileType = "compiled.mach-o.executable"; includeInIndex = 0; path = Chapter5_Tree; sourceTree = BUILT_PRODUCTS_DIR; };
		0A3AFED1213CE6D900D50F09 /* main.cpp */ = {isa = PBXFileReference; lastKnownFileType = sourcecode.cpp.cpp; path = main.cpp; sourceTree = "<group>"; };
		0A3AFED6213E2A3300D50F09 /* BinaryTree.cpp */ = {isa = PBXFileReference; lastKnownFileType = sourcecode.cpp.cpp; path = BinaryTree.cpp; sourceTree = "<group>"; };
		0A3AFED7213E2A3300D50F09 /* BinaryTree.hpp */ = {isa = PBXFileReference; lastKnownFileType = sourcecode.cpp.h; path = BinaryTree.hpp; sourceTree = "<group>"; };
		0A3AFEDA213E32C600D50F09 /* BinaryNode.cpp */ = {isa = PBXFileReference; lastKnownFileType = sourcecode.cpp.cpp; path = BinaryNode.cpp; sourceTree = "<group>"; };
		0A3AFEDB213E32C600D50F09 /* BinaryNode.hpp */ = {isa = PBXFileReference; lastKnownFileType = sourcecode.cpp.h; path = BinaryNode.hpp; sourceTree = "<group>"; };
		0A402C6921FFF76C00122300 /* Chapter7_BinarySearchTree */ = {isa = PBXFileReference; explicitFileType = "compiled.mach-o.executable"; includeInIndex = 0; path = Chapter7_BinarySearchTree; sourceTree = BUILT_PRODUCTS_DIR; };
		0A402C6B21FFF76C00122300 /* main.cpp */ = {isa = PBXFileReference; lastKnownFileType = sourcecode.cpp.cpp; path = main.cpp; sourceTree = "<group>"; };
		0A402C7321FFF7A200122300 /* BinarySearchTree.cpp */ = {isa = PBXFileReference; lastKnownFileType = sourcecode.cpp.cpp; path = BinarySearchTree.cpp; sourceTree = "<group>"; };
		0A402C7421FFF7A200122300 /* BinarySearchTree.hpp */ = {isa = PBXFileReference; lastKnownFileType = sourcecode.cpp.h; path = BinarySearchTree.hpp; sourceTree = "<group>"; };
		0A724BE320EE21F300BC26EC /* Data Structures Tests */ = {isa = PBXFileReference; explicitFileType = "compiled.mach-o.executable"; includeInIndex = 0; path = "Data Structures Tests"; sourceTree = BUILT_PRODUCTS_DIR; };
		0A724BE520EE21F300BC26EC /* main.cpp */ = {isa = PBXFileReference; lastKnownFileType = sourcecode.cpp.cpp; path = main.cpp; sourceTree = "<group>"; };
		0A724BEA20EE220800BC26EC /* gtest.framework */ = {isa = PBXFileReference; lastKnownFileType = wrapper.framework; path = gtest.framework; sourceTree = SOURCE_ROOT; };
		0AD4E2E82137DD0200647F01 /* Chapter0Test.cpp */ = {isa = PBXFileReference; lastKnownFileType = sourcecode.cpp.cpp; path = Chapter0Test.cpp; sourceTree = "<group>"; };
		0AD4E2F52137E1CD00647F01 /* Chapter0 */ = {isa = PBXFileReference; explicitFileType = "compiled.mach-o.executable"; includeInIndex = 0; path = Chapter0; sourceTree = BUILT_PRODUCTS_DIR; };
		0AD4E2F72137E1CD00647F01 /* main.cpp */ = {isa = PBXFileReference; lastKnownFileType = sourcecode.cpp.cpp; path = main.cpp; sourceTree = "<group>"; };
		0AF1AE262137E2140012180C /* chapter0.hpp */ = {isa = PBXFileReference; fileEncoding = 4; lastKnownFileType = sourcecode.cpp.h; path = chapter0.hpp; sourceTree = "<group>"; };
		0AF1AE272137E2150012180C /* chapter0.cpp */ = {isa = PBXFileReference; fileEncoding = 4; lastKnownFileType = sourcecode.cpp.cpp; path = chapter0.cpp; sourceTree = "<group>"; };
		0AF1AE292137E24F0012180C /* ListTest.cpp */ = {isa = PBXFileReference; lastKnownFileType = sourcecode.cpp.cpp; path = ListTest.cpp; sourceTree = "<group>"; };
		8C136B6E2138415200FB52F1 /* Chapter4_Stack */ = {isa = PBXFileReference; explicitFileType = "compiled.mach-o.executable"; includeInIndex = 0; path = Chapter4_Stack; sourceTree = BUILT_PRODUCTS_DIR; };
		8C136B702138415200FB52F1 /* main.cpp */ = {isa = PBXFileReference; lastKnownFileType = sourcecode.cpp.cpp; path = main.cpp; sourceTree = "<group>"; };
		8C136B752138417200FB52F1 /* Stack.cpp */ = {isa = PBXFileReference; lastKnownFileType = sourcecode.cpp.cpp; path = Stack.cpp; sourceTree = "<group>"; };
		8C136B762138417200FB52F1 /* Stack.hpp */ = {isa = PBXFileReference; lastKnownFileType = sourcecode.cpp.h; path = Stack.hpp; sourceTree = "<group>"; };
		8C136B7D2139782600FB52F1 /* CPlusPrimer */ = {isa = PBXFileReference; explicitFileType = "compiled.mach-o.executable"; includeInIndex = 0; path = CPlusPrimer; sourceTree = BUILT_PRODUCTS_DIR; };
		8C136B8521397B7C00FB52F1 /* StackTest.cpp */ = {isa = PBXFileReference; lastKnownFileType = sourcecode.cpp.cpp; path = StackTest.cpp; sourceTree = "<group>"; };
		A518C5351DC7522000BEF286 /* Data Structures */ = {isa = PBXFileReference; explicitFileType = "compiled.mach-o.executable"; includeInIndex = 0; path = "Data Structures"; sourceTree = BUILT_PRODUCTS_DIR; };
		A518C5381DC7522000BEF286 /* main.cpp */ = {isa = PBXFileReference; lastKnownFileType = sourcecode.cpp.cpp; path = main.cpp; sourceTree = "<group>"; };
		A518C5431DC7524D00BEF286 /* Chapter3_List */ = {isa = PBXFileReference; explicitFileType = "compiled.mach-o.executable"; includeInIndex = 0; path = Chapter3_List; sourceTree = BUILT_PRODUCTS_DIR; };
		A518C5451DC7524D00BEF286 /* main.cpp */ = {isa = PBXFileReference; lastKnownFileType = sourcecode.cpp.cpp; path = main.cpp; sourceTree = "<group>"; };
		A5895B691DC829F700720787 /* List.hpp */ = {isa = PBXFileReference; fileEncoding = 4; lastKnownFileType = sourcecode.cpp.h; path = List.hpp; sourceTree = "<group>"; };
		A5895B6C1DC82D6E00720787 /* ListNode.hpp */ = {isa = PBXFileReference; fileEncoding = 4; lastKnownFileType = sourcecode.cpp.h; path = ListNode.hpp; sourceTree = "<group>"; };
/* End PBXFileReference section */

/* Begin PBXFrameworksBuildPhase section */
		0A05056B21886016003EF11F /* Frameworks */ = {
			isa = PBXFrameworksBuildPhase;
			buildActionMask = 2147483647;
			files = (
			);
			runOnlyForDeploymentPostprocessing = 0;
		};
		0A1F212E2148E854004FFBDE /* Frameworks */ = {
			isa = PBXFrameworksBuildPhase;
			buildActionMask = 2147483647;
			files = (
			);
			runOnlyForDeploymentPostprocessing = 0;
		};
		0A230199217830D0002AD5F3 /* Frameworks */ = {
			isa = PBXFrameworksBuildPhase;
			buildActionMask = 2147483647;
			files = (
			);
			runOnlyForDeploymentPostprocessing = 0;
		};
		0A3AFECC213CE6D900D50F09 /* Frameworks */ = {
			isa = PBXFrameworksBuildPhase;
			buildActionMask = 2147483647;
			files = (
			);
			runOnlyForDeploymentPostprocessing = 0;
		};
		0A402C6621FFF76C00122300 /* Frameworks */ = {
			isa = PBXFrameworksBuildPhase;
			buildActionMask = 2147483647;
			files = (
			);
			runOnlyForDeploymentPostprocessing = 0;
		};
		0A724BE020EE21F300BC26EC /* Frameworks */ = {
			isa = PBXFrameworksBuildPhase;
			buildActionMask = 2147483647;
			files = (
				0A724BED20EE22FE00BC26EC /* gtest.framework in Frameworks */,
			);
			runOnlyForDeploymentPostprocessing = 0;
		};
		0AD4E2F22137E1CD00647F01 /* Frameworks */ = {
			isa = PBXFrameworksBuildPhase;
			buildActionMask = 2147483647;
			files = (
			);
			runOnlyForDeploymentPostprocessing = 0;
		};
		8C136B6B2138415200FB52F1 /* Frameworks */ = {
			isa = PBXFrameworksBuildPhase;
			buildActionMask = 2147483647;
			files = (
			);
			runOnlyForDeploymentPostprocessing = 0;
		};
		8C136B7A2139782600FB52F1 /* Frameworks */ = {
			isa = PBXFrameworksBuildPhase;
			buildActionMask = 2147483647;
			files = (
			);
			runOnlyForDeploymentPostprocessing = 0;
		};
		A518C5321DC7522000BEF286 /* Frameworks */ = {
			isa = PBXFrameworksBuildPhase;
			buildActionMask = 2147483647;
			files = (
			);
			runOnlyForDeploymentPostprocessing = 0;
		};
		A518C5401DC7524D00BEF286 /* Frameworks */ = {
			isa = PBXFrameworksBuildPhase;
			buildActionMask = 2147483647;
			files = (
			);
			runOnlyForDeploymentPostprocessing = 0;
		};
/* End PBXFrameworksBuildPhase section */

/* Begin PBXGroup section */
		0A05056F21886016003EF11F /* LintCode */ = {
			isa = PBXGroup;
			children = (
				0A05057B21886156003EF11F /* TwoSum56.h */,
				0A0505752188605A003EF11F /* TwoSum56.cpp */,
				0A05057021886016003EF11F /* main.cpp */,
				0A05057D2188729D003EF11F /* BinarySearch14.cpp */,
				0A05057E2188729D003EF11F /* BinarySearch14.hpp */,
			);
			path = LintCode;
			sourceTree = "<group>";
		};
		0A1F21322148E854004FFBDE /* Chapter4_Queue */ = {
			isa = PBXGroup;
			children = (
				0A1F21332148E854004FFBDE /* main.cpp */,
				0A1F21382148E872004FFBDE /* Queue.cpp */,
				0A1F21392148E872004FFBDE /* Queue.hpp */,
			);
			path = Chapter4_Queue;
			sourceTree = "<group>";
		};
		0A23019D217830D0002AD5F3 /* Chapter6_Graph */ = {
			isa = PBXGroup;
			children = (
				0A23019E217830D0002AD5F3 /* main.cpp */,
				0A2301B921798240002AD5F3 /* Graph.cpp */,
				0A2301BA21798240002AD5F3 /* Graph.hpp */,
				0A2301BE21798721002AD5F3 /* GraphMatrix.cpp */,
				0A2301BF21798721002AD5F3 /* GraphMatrix.hpp */,
			);
			path = Chapter6_Graph;
			sourceTree = "<group>";
		};
		0A3AFED0213CE6D900D50F09 /* Chapter5_Tree */ = {
			isa = PBXGroup;
			children = (
				0A3AFED1213CE6D900D50F09 /* main.cpp */,
				0A3AFED6213E2A3300D50F09 /* BinaryTree.cpp */,
				0A3AFED7213E2A3300D50F09 /* BinaryTree.hpp */,
				0A3AFEDA213E32C600D50F09 /* BinaryNode.cpp */,
				0A3AFEDB213E32C600D50F09 /* BinaryNode.hpp */,
				0A2301B42178686B002AD5F3 /* Visitor.cpp */,
				0A2301B52178686B002AD5F3 /* Visitor.hpp */,
			);
			path = Chapter5_Tree;
			sourceTree = "<group>";
		};
		0A402C6A21FFF76C00122300 /* Chapter7_BinarySearchTree */ = {
			isa = PBXGroup;
			children = (
				0A402C6B21FFF76C00122300 /* main.cpp */,
				0A402C7321FFF7A200122300 /* BinarySearchTree.cpp */,
				0A402C7421FFF7A200122300 /* BinarySearchTree.hpp */,
			);
			path = Chapter7_BinarySearchTree;
			sourceTree = "<group>";
		};
		0A724BE420EE21F300BC26EC /* Data Structures Tests */ = {
			isa = PBXGroup;
			children = (
				0A724BEA20EE220800BC26EC /* gtest.framework */,
				0A724BE520EE21F300BC26EC /* main.cpp */,
				0AD4E2E82137DD0200647F01 /* Chapter0Test.cpp */,
				0AF1AE292137E24F0012180C /* ListTest.cpp */,
				8C136B8521397B7C00FB52F1 /* StackTest.cpp */,
				0A1F21232146424B004FFBDE /* TreeTest.cpp */,
				0A1F213C2148E96C004FFBDE /* QueueTest.cpp */,
				0A1F2125214650B1004FFBDE /* StackApply.cpp */,
				0A1F213F214A07DE004FFBDE /* QueueApply.cpp */,
				0A050578218860CF003EF11F /* LintCode.cpp */,
				0A0505812188742F003EF11F /* BinarySearch14Test.cpp */,
			);
			path = "Data Structures Tests";
			sourceTree = "<group>";
		};
		0A724BEC20EE22FE00BC26EC /* Frameworks */ = {
			isa = PBXGroup;
			children = (
			);
			name = Frameworks;
			sourceTree = "<group>";
		};
		0AD4E2F62137E1CD00647F01 /* Chapter0 */ = {
			isa = PBXGroup;
			children = (
				0AF1AE272137E2150012180C /* chapter0.cpp */,
				0AF1AE262137E2140012180C /* chapter0.hpp */,
				0AD4E2F72137E1CD00647F01 /* main.cpp */,
			);
			path = Chapter0;
			sourceTree = "<group>";
		};
		8C136B6F2138415200FB52F1 /* Chapter4_Stack */ = {
			isa = PBXGroup;
			children = (
				8C136B702138415200FB52F1 /* main.cpp */,
				8C136B752138417200FB52F1 /* Stack.cpp */,
				8C136B762138417200FB52F1 /* Stack.hpp */,
			);
			path = Chapter4_Stack;
			sourceTree = "<group>";
		};
		A518C52C1DC7522000BEF286 = {
			isa = PBXGroup;
			children = (
				A518C5371DC7522000BEF286 /* Data Structures */,
				0A724BE420EE21F300BC26EC /* Data Structures Tests */,
				0AD4E2F62137E1CD00647F01 /* Chapter0 */,
				A518C5441DC7524D00BEF286 /* Chapter3_List */,
				8C136B6F2138415200FB52F1 /* Chapter4_Stack */,
				0A1F21322148E854004FFBDE /* Chapter4_Queue */,
				0A3AFED0213CE6D900D50F09 /* Chapter5_Tree */,
				0A23019D217830D0002AD5F3 /* Chapter6_Graph */,
				0A05056F21886016003EF11F /* LintCode */,
				0A402C6A21FFF76C00122300 /* Chapter7_BinarySearchTree */,
				A518C5361DC7522000BEF286 /* Products */,
				0A724BEC20EE22FE00BC26EC /* Frameworks */,
			);
			sourceTree = "<group>";
		};
		A518C5361DC7522000BEF286 /* Products */ = {
			isa = PBXGroup;
			children = (
				A518C5351DC7522000BEF286 /* Data Structures */,
				A518C5431DC7524D00BEF286 /* Chapter3_List */,
				0A724BE320EE21F300BC26EC /* Data Structures Tests */,
				0AD4E2F52137E1CD00647F01 /* Chapter0 */,
				8C136B6E2138415200FB52F1 /* Chapter4_Stack */,
				8C136B7D2139782600FB52F1 /* CPlusPrimer */,
				0A3AFECF213CE6D900D50F09 /* Chapter5_Tree */,
				0A1F21312148E854004FFBDE /* Chapter4_Queue */,
				0A23019C217830D0002AD5F3 /* Chapter6_Graph */,
				0A05056E21886016003EF11F /* LintCode */,
				0A402C6921FFF76C00122300 /* Chapter7_BinarySearchTree */,
			);
			name = Products;
			sourceTree = "<group>";
		};
		A518C5371DC7522000BEF286 /* Data Structures */ = {
			isa = PBXGroup;
			children = (
				A518C5381DC7522000BEF286 /* main.cpp */,
			);
			path = "Data Structures";
			sourceTree = "<group>";
		};
		A518C5441DC7524D00BEF286 /* Chapter3_List */ = {
			isa = PBXGroup;
			children = (
				A518C5451DC7524D00BEF286 /* main.cpp */,
				A5895B691DC829F700720787 /* List.hpp */,
				0A1F212721477CFB004FFBDE /* List.cpp */,
				A5895B6C1DC82D6E00720787 /* ListNode.hpp */,
				0A1F212A21477D0B004FFBDE /* ListNode.cpp */,
			);
			path = Chapter3_List;
			sourceTree = "<group>";
		};
/* End PBXGroup section */

/* Begin PBXNativeTarget section */
		0A05056D21886016003EF11F /* LintCode */ = {
			isa = PBXNativeTarget;
			buildConfigurationList = 0A05057221886016003EF11F /* Build configuration list for PBXNativeTarget "LintCode" */;
			buildPhases = (
				0A05056A21886016003EF11F /* Sources */,
				0A05056B21886016003EF11F /* Frameworks */,
				0A05056C21886016003EF11F /* CopyFiles */,
			);
			buildRules = (
			);
			dependencies = (
			);
			name = LintCode;
			productName = LintCode;
			productReference = 0A05056E21886016003EF11F /* LintCode */;
			productType = "com.apple.product-type.tool";
		};
		0A1F21302148E854004FFBDE /* Chapter4_Queue */ = {
			isa = PBXNativeTarget;
			buildConfigurationList = 0A1F21352148E854004FFBDE /* Build configuration list for PBXNativeTarget "Chapter4_Queue" */;
			buildPhases = (
				0A1F212D2148E854004FFBDE /* Sources */,
				0A1F212E2148E854004FFBDE /* Frameworks */,
				0A1F212F2148E854004FFBDE /* CopyFiles */,
			);
			buildRules = (
			);
			dependencies = (
			);
			name = Chapter4_Queue;
			productName = Chapter4_Queue;
			productReference = 0A1F21312148E854004FFBDE /* Chapter4_Queue */;
			productType = "com.apple.product-type.tool";
		};
		0A23019B217830D0002AD5F3 /* Chapter6_Graph */ = {
			isa = PBXNativeTarget;
			buildConfigurationList = 0A2301A0217830D0002AD5F3 /* Build configuration list for PBXNativeTarget "Chapter6_Graph" */;
			buildPhases = (
				0A230198217830D0002AD5F3 /* Sources */,
				0A230199217830D0002AD5F3 /* Frameworks */,
				0A23019A217830D0002AD5F3 /* CopyFiles */,
			);
			buildRules = (
			);
			dependencies = (
			);
			name = Chapter6_Graph;
			productName = Chapter6_Graph;
			productReference = 0A23019C217830D0002AD5F3 /* Chapter6_Graph */;
			productType = "com.apple.product-type.tool";
		};
		0A3AFECE213CE6D900D50F09 /* Chapter5_Tree */ = {
			isa = PBXNativeTarget;
			buildConfigurationList = 0A3AFED5213CE6D900D50F09 /* Build configuration list for PBXNativeTarget "Chapter5_Tree" */;
			buildPhases = (
				0A3AFECB213CE6D900D50F09 /* Sources */,
				0A3AFECC213CE6D900D50F09 /* Frameworks */,
				0A3AFECD213CE6D900D50F09 /* CopyFiles */,
			);
			buildRules = (
			);
			dependencies = (
			);
			name = Chapter5_Tree;
			productName = Chapter5_Tree;
			productReference = 0A3AFECF213CE6D900D50F09 /* Chapter5_Tree */;
			productType = "com.apple.product-type.tool";
		};
		0A402C6821FFF76C00122300 /* Chapter7_BinarySearchTree */ = {
			isa = PBXNativeTarget;
			buildConfigurationList = 0A402C6D21FFF76C00122300 /* Build configuration list for PBXNativeTarget "Chapter7_BinarySearchTree" */;
			buildPhases = (
				0A402C6521FFF76C00122300 /* Sources */,
				0A402C6621FFF76C00122300 /* Frameworks */,
				0A402C6721FFF76C00122300 /* CopyFiles */,
			);
			buildRules = (
			);
			dependencies = (
			);
			name = Chapter7_BinarySearchTree;
			productName = Chapter7_BinarySearchTree;
			productReference = 0A402C6921FFF76C00122300 /* Chapter7_BinarySearchTree */;
			productType = "com.apple.product-type.tool";
		};
		0A724BE220EE21F300BC26EC /* Data Structures Tests */ = {
			isa = PBXNativeTarget;
			buildConfigurationList = 0A724BE920EE21F300BC26EC /* Build configuration list for PBXNativeTarget "Data Structures Tests" */;
			buildPhases = (
				0A724BDF20EE21F300BC26EC /* Sources */,
				0A724BE020EE21F300BC26EC /* Frameworks */,
				0A724BE120EE21F300BC26EC /* CopyFiles */,
			);
			buildRules = (
			);
			dependencies = (
			);
			name = "Data Structures Tests";
			productName = "Data Structures Tests";
			productReference = 0A724BE320EE21F300BC26EC /* Data Structures Tests */;
			productType = "com.apple.product-type.tool";
		};
		0AD4E2F42137E1CD00647F01 /* Chapter0 */ = {
			isa = PBXNativeTarget;
			buildConfigurationList = 0AD4E2F92137E1CD00647F01 /* Build configuration list for PBXNativeTarget "Chapter0" */;
			buildPhases = (
				0AD4E2F12137E1CD00647F01 /* Sources */,
				0AD4E2F22137E1CD00647F01 /* Frameworks */,
				0AD4E2F32137E1CD00647F01 /* CopyFiles */,
			);
			buildRules = (
			);
			dependencies = (
			);
			name = Chapter0;
			productName = Chapter0;
			productReference = 0AD4E2F52137E1CD00647F01 /* Chapter0 */;
			productType = "com.apple.product-type.tool";
		};
		8C136B6D2138415200FB52F1 /* Chapter4_Stack */ = {
			isa = PBXNativeTarget;
			buildConfigurationList = 8C136B742138415200FB52F1 /* Build configuration list for PBXNativeTarget "Chapter4_Stack" */;
			buildPhases = (
				8C136B6A2138415200FB52F1 /* Sources */,
				8C136B6B2138415200FB52F1 /* Frameworks */,
				8C136B6C2138415200FB52F1 /* CopyFiles */,
			);
			buildRules = (
			);
			dependencies = (
			);
			name = Chapter4_Stack;
			productName = Chapter4_Stack;
			productReference = 8C136B6E2138415200FB52F1 /* Chapter4_Stack */;
			productType = "com.apple.product-type.tool";
		};
		8C136B7C2139782600FB52F1 /* CPlusPrimer */ = {
			isa = PBXNativeTarget;
			buildConfigurationList = 8C136B812139782600FB52F1 /* Build configuration list for PBXNativeTarget "CPlusPrimer" */;
			buildPhases = (
				8C136B792139782600FB52F1 /* Sources */,
				8C136B7A2139782600FB52F1 /* Frameworks */,
				8C136B7B2139782600FB52F1 /* CopyFiles */,
			);
			buildRules = (
			);
			dependencies = (
			);
			name = CPlusPrimer;
			productName = CPlusPrimer;
			productReference = 8C136B7D2139782600FB52F1 /* CPlusPrimer */;
			productType = "com.apple.product-type.tool";
		};
		A518C5341DC7522000BEF286 /* Data Structures */ = {
			isa = PBXNativeTarget;
			buildConfigurationList = A518C53C1DC7522000BEF286 /* Build configuration list for PBXNativeTarget "Data Structures" */;
			buildPhases = (
				A518C5311DC7522000BEF286 /* Sources */,
				A518C5321DC7522000BEF286 /* Frameworks */,
				A518C5331DC7522000BEF286 /* CopyFiles */,
			);
			buildRules = (
			);
			dependencies = (
			);
			name = "Data Structures";
			productName = "Data Structures";
			productReference = A518C5351DC7522000BEF286 /* Data Structures */;
			productType = "com.apple.product-type.tool";
		};
		A518C5421DC7524D00BEF286 /* Chapter3_List */ = {
			isa = PBXNativeTarget;
			buildConfigurationList = A518C5471DC7524D00BEF286 /* Build configuration list for PBXNativeTarget "Chapter3_List" */;
			buildPhases = (
				A518C53F1DC7524D00BEF286 /* Sources */,
				A518C5401DC7524D00BEF286 /* Frameworks */,
				A518C5411DC7524D00BEF286 /* CopyFiles */,
			);
			buildRules = (
			);
			dependencies = (
			);
			name = Chapter3_List;
			productName = Chapter3_List;
			productReference = A518C5431DC7524D00BEF286 /* Chapter3_List */;
			productType = "com.apple.product-type.tool";
		};
/* End PBXNativeTarget section */

/* Begin PBXProject section */
		A518C52D1DC7522000BEF286 /* Project object */ = {
			isa = PBXProject;
			attributes = {
				LastSwiftUpdateCheck = 0940;
				LastUpgradeCheck = 1010;
				ORGANIZATIONNAME = Zeek;
				TargetAttributes = {
					0A05056D21886016003EF11F = {
						CreatedOnToolsVersion = 10.0;
						ProvisioningStyle = Automatic;
					};
					0A1F21302148E854004FFBDE = {
						CreatedOnToolsVersion = 9.4.1;
						ProvisioningStyle = Automatic;
					};
					0A23019B217830D0002AD5F3 = {
						CreatedOnToolsVersion = 10.0;
						ProvisioningStyle = Automatic;
					};
					0A3AFECE213CE6D900D50F09 = {
						CreatedOnToolsVersion = 9.4.1;
						ProvisioningStyle = Automatic;
					};
					0A402C6821FFF76C00122300 = {
						CreatedOnToolsVersion = 10.1;
						ProvisioningStyle = Automatic;
					};
					0A724BE220EE21F300BC26EC = {
						CreatedOnToolsVersion = 9.4.1;
						ProvisioningStyle = Automatic;
					};
					0AD4E2F42137E1CD00647F01 = {
						CreatedOnToolsVersion = 9.4.1;
						ProvisioningStyle = Automatic;
					};
					8C136B6D2138415200FB52F1 = {
						CreatedOnToolsVersion = 9.2;
						ProvisioningStyle = Automatic;
					};
					8C136B7C2139782600FB52F1 = {
						CreatedOnToolsVersion = 9.2;
						ProvisioningStyle = Automatic;
					};
					A518C5341DC7522000BEF286 = {
						CreatedOnToolsVersion = 8.0;
						ProvisioningStyle = Automatic;
					};
					A518C5421DC7524D00BEF286 = {
						CreatedOnToolsVersion = 8.0;
						ProvisioningStyle = Automatic;
					};
				};
			};
			buildConfigurationList = A518C5301DC7522000BEF286 /* Build configuration list for PBXProject "Data Structures" */;
			compatibilityVersion = "Xcode 3.2";
			developmentRegion = en;
			hasScannedForEncodings = 0;
			knownRegions = (
				en,
				Base,
			);
			mainGroup = A518C52C1DC7522000BEF286;
			productRefGroup = A518C5361DC7522000BEF286 /* Products */;
			projectDirPath = "";
			projectRoot = "";
			targets = (
				0A724BE220EE21F300BC26EC /* Data Structures Tests */,
				A518C5341DC7522000BEF286 /* Data Structures */,
				A518C5421DC7524D00BEF286 /* Chapter3_List */,
				0AD4E2F42137E1CD00647F01 /* Chapter0 */,
				8C136B6D2138415200FB52F1 /* Chapter4_Stack */,
				8C136B7C2139782600FB52F1 /* CPlusPrimer */,
				0A3AFECE213CE6D900D50F09 /* Chapter5_Tree */,
				0A1F21302148E854004FFBDE /* Chapter4_Queue */,
				0A23019B217830D0002AD5F3 /* Chapter6_Graph */,
				0A05056D21886016003EF11F /* LintCode */,
				0A402C6821FFF76C00122300 /* Chapter7_BinarySearchTree */,
			);
		};
/* End PBXProject section */

/* Begin PBXSourcesBuildPhase section */
		0A05056A21886016003EF11F /* Sources */ = {
			isa = PBXSourcesBuildPhase;
			buildActionMask = 2147483647;
			files = (
				0A05057121886016003EF11F /* main.cpp in Sources */,
				0A0505802188729D003EF11F /* BinarySearch14.cpp in Sources */,
				0A050584218B076A003EF11F /* TwoSum56.cpp in Sources */,
			);
			runOnlyForDeploymentPostprocessing = 0;
		};
		0A1F212D2148E854004FFBDE /* Sources */ = {
			isa = PBXSourcesBuildPhase;
			buildActionMask = 2147483647;
			files = (
				0A1F21342148E854004FFBDE /* main.cpp in Sources */,
				0A1F213B2148E872004FFBDE /* Queue.cpp in Sources */,
			);
			runOnlyForDeploymentPostprocessing = 0;
		};
		0A230198217830D0002AD5F3 /* Sources */ = {
			isa = PBXSourcesBuildPhase;
			buildActionMask = 2147483647;
			files = (
				0A2301BC21798240002AD5F3 /* Graph.cpp in Sources */,
				0A23019F217830D0002AD5F3 /* main.cpp in Sources */,
				0A2301BD21798305002AD5F3 /* Stack.cpp in Sources */,
				0A2301C121798721002AD5F3 /* GraphMatrix.cpp in Sources */,
			);
			runOnlyForDeploymentPostprocessing = 0;
		};
		0A3AFECB213CE6D900D50F09 /* Sources */ = {
			isa = PBXSourcesBuildPhase;
			buildActionMask = 2147483647;
			files = (
				0A2301B72178686B002AD5F3 /* Visitor.cpp in Sources */,
				0A3AFEDD213E32C600D50F09 /* BinaryNode.cpp in Sources */,
				0A3AFED2213CE6D900D50F09 /* main.cpp in Sources */,
				0A2301B821788095002AD5F3 /* Queue.cpp in Sources */,
				0A52316C221A8B1800EABFE5 /* List.cpp in Sources */,
				0A3AFED9213E2A3300D50F09 /* BinaryTree.cpp in Sources */,
			);
			runOnlyForDeploymentPostprocessing = 0;
		};
		0A402C6521FFF76C00122300 /* Sources */ = {
			isa = PBXSourcesBuildPhase;
			buildActionMask = 2147483647;
			files = (
				0A402C7221FFF78A00122300 /* Visitor.cpp in Sources */,
				0A402C7121FFF78700122300 /* BinaryNode.cpp in Sources */,
				0A402C6C21FFF76C00122300 /* main.cpp in Sources */,
				0A402C7021FFF78200122300 /* BinaryTree.cpp in Sources */,
				0A402C7621FFF7A200122300 /* BinarySearchTree.cpp in Sources */,
			);
			runOnlyForDeploymentPostprocessing = 0;
		};
		0A724BDF20EE21F300BC26EC /* Sources */ = {
			isa = PBXSourcesBuildPhase;
			buildActionMask = 2147483647;
			files = (
				0AD3404B218DD99800BE38C5 /* TreeTest.cpp in Sources */,
				0A05057C218862C3003EF11F /* main.cpp in Sources */,
				0A402C7521FFF7A200122300 /* BinarySearchTree.cpp in Sources */,
				0A52316B221A8B1600EABFE5 /* List.cpp in Sources */,
			);
			runOnlyForDeploymentPostprocessing = 0;
		};
		0AD4E2F12137E1CD00647F01 /* Sources */ = {
			isa = PBXSourcesBuildPhase;
			buildActionMask = 2147483647;
			files = (
				0AF1AE282137E2150012180C /* chapter0.cpp in Sources */,
				0AD4E2F82137E1CD00647F01 /* main.cpp in Sources */,
			);
			runOnlyForDeploymentPostprocessing = 0;
		};
		8C136B6A2138415200FB52F1 /* Sources */ = {
			isa = PBXSourcesBuildPhase;
			buildActionMask = 2147483647;
			files = (
				8C136B782138417200FB52F1 /* Stack.cpp in Sources */,
				8C136B712138415200FB52F1 /* main.cpp in Sources */,
			);
			runOnlyForDeploymentPostprocessing = 0;
		};
		8C136B792139782600FB52F1 /* Sources */ = {
			isa = PBXSourcesBuildPhase;
			buildActionMask = 2147483647;
			files = (
			);
			runOnlyForDeploymentPostprocessing = 0;
		};
		A518C5311DC7522000BEF286 /* Sources */ = {
			isa = PBXSourcesBuildPhase;
			buildActionMask = 2147483647;
			files = (
				A518C5391DC7522000BEF286 /* main.cpp in Sources */,
			);
			runOnlyForDeploymentPostprocessing = 0;
		};
		A518C53F1DC7524D00BEF286 /* Sources */ = {
			isa = PBXSourcesBuildPhase;
			buildActionMask = 2147483647;
			files = (
				0A1F212B21477D0B004FFBDE /* ListNode.cpp in Sources */,
				A518C5461DC7524D00BEF286 /* main.cpp in Sources */,
				0A1F212821477CFB004FFBDE /* List.cpp in Sources */,
			);
			runOnlyForDeploymentPostprocessing = 0;
		};
/* End PBXSourcesBuildPhase section */

/* Begin XCBuildConfiguration section */
		0A05057321886016003EF11F /* Debug */ = {
			isa = XCBuildConfiguration;
			buildSettings = {
				CLANG_ANALYZER_NUMBER_OBJECT_CONVERSION = YES_AGGRESSIVE;
				CLANG_CXX_LANGUAGE_STANDARD = "gnu++14";
				CLANG_ENABLE_OBJC_WEAK = YES;
				CLANG_WARN_BLOCK_CAPTURE_AUTORELEASING = YES;
				CLANG_WARN_COMMA = YES;
				CLANG_WARN_DEPRECATED_OBJC_IMPLEMENTATIONS = YES;
				CLANG_WARN_NON_LITERAL_NULL_CONVERSION = YES;
				CLANG_WARN_OBJC_IMPLICIT_RETAIN_SELF = YES;
				CLANG_WARN_OBJC_LITERAL_CONVERSION = YES;
				CLANG_WARN_RANGE_LOOP_ANALYSIS = YES;
				CLANG_WARN_STRICT_PROTOTYPES = YES;
				CLANG_WARN_SUSPICIOUS_MOVE = YES;
				CLANG_WARN_UNGUARDED_AVAILABILITY = YES_AGGRESSIVE;
				CODE_SIGN_STYLE = Automatic;
				GCC_C_LANGUAGE_STANDARD = gnu11;
				MACOSX_DEPLOYMENT_TARGET = 10.14;
				MTL_ENABLE_DEBUG_INFO = INCLUDE_SOURCE;
				MTL_FAST_MATH = YES;
				PRODUCT_NAME = "$(TARGET_NAME)";
			};
			name = Debug;
		};
		0A05057421886016003EF11F /* Release */ = {
			isa = XCBuildConfiguration;
			buildSettings = {
				CLANG_ANALYZER_NUMBER_OBJECT_CONVERSION = YES_AGGRESSIVE;
				CLANG_CXX_LANGUAGE_STANDARD = "gnu++14";
				CLANG_ENABLE_OBJC_WEAK = YES;
				CLANG_WARN_BLOCK_CAPTURE_AUTORELEASING = YES;
				CLANG_WARN_COMMA = YES;
				CLANG_WARN_DEPRECATED_OBJC_IMPLEMENTATIONS = YES;
				CLANG_WARN_NON_LITERAL_NULL_CONVERSION = YES;
				CLANG_WARN_OBJC_IMPLICIT_RETAIN_SELF = YES;
				CLANG_WARN_OBJC_LITERAL_CONVERSION = YES;
				CLANG_WARN_RANGE_LOOP_ANALYSIS = YES;
				CLANG_WARN_STRICT_PROTOTYPES = YES;
				CLANG_WARN_SUSPICIOUS_MOVE = YES;
				CLANG_WARN_UNGUARDED_AVAILABILITY = YES_AGGRESSIVE;
				CODE_SIGN_STYLE = Automatic;
				GCC_C_LANGUAGE_STANDARD = gnu11;
				MACOSX_DEPLOYMENT_TARGET = 10.14;
				MTL_FAST_MATH = YES;
				PRODUCT_NAME = "$(TARGET_NAME)";
			};
			name = Release;
		};
		0A1F21362148E854004FFBDE /* Debug */ = {
			isa = XCBuildConfiguration;
			buildSettings = {
				CLANG_ANALYZER_NUMBER_OBJECT_CONVERSION = YES_AGGRESSIVE;
				CLANG_CXX_LANGUAGE_STANDARD = "gnu++14";
				CLANG_ENABLE_OBJC_WEAK = YES;
				CLANG_WARN_BLOCK_CAPTURE_AUTORELEASING = YES;
				CLANG_WARN_COMMA = YES;
				CLANG_WARN_DEPRECATED_OBJC_IMPLEMENTATIONS = YES;
				CLANG_WARN_NON_LITERAL_NULL_CONVERSION = YES;
				CLANG_WARN_OBJC_IMPLICIT_RETAIN_SELF = YES;
				CLANG_WARN_OBJC_LITERAL_CONVERSION = YES;
				CLANG_WARN_RANGE_LOOP_ANALYSIS = YES;
				CLANG_WARN_STRICT_PROTOTYPES = YES;
				CLANG_WARN_SUSPICIOUS_MOVE = YES;
				CLANG_WARN_UNGUARDED_AVAILABILITY = YES_AGGRESSIVE;
				CODE_SIGN_STYLE = Automatic;
				GCC_C_LANGUAGE_STANDARD = gnu11;
				MACOSX_DEPLOYMENT_TARGET = 10.13;
				PRODUCT_NAME = "$(TARGET_NAME)";
			};
			name = Debug;
		};
		0A1F21372148E854004FFBDE /* Release */ = {
			isa = XCBuildConfiguration;
			buildSettings = {
				CLANG_ANALYZER_NUMBER_OBJECT_CONVERSION = YES_AGGRESSIVE;
				CLANG_CXX_LANGUAGE_STANDARD = "gnu++14";
				CLANG_ENABLE_OBJC_WEAK = YES;
				CLANG_WARN_BLOCK_CAPTURE_AUTORELEASING = YES;
				CLANG_WARN_COMMA = YES;
				CLANG_WARN_DEPRECATED_OBJC_IMPLEMENTATIONS = YES;
				CLANG_WARN_NON_LITERAL_NULL_CONVERSION = YES;
				CLANG_WARN_OBJC_IMPLICIT_RETAIN_SELF = YES;
				CLANG_WARN_OBJC_LITERAL_CONVERSION = YES;
				CLANG_WARN_RANGE_LOOP_ANALYSIS = YES;
				CLANG_WARN_STRICT_PROTOTYPES = YES;
				CLANG_WARN_SUSPICIOUS_MOVE = YES;
				CLANG_WARN_UNGUARDED_AVAILABILITY = YES_AGGRESSIVE;
				CODE_SIGN_STYLE = Automatic;
				GCC_C_LANGUAGE_STANDARD = gnu11;
				MACOSX_DEPLOYMENT_TARGET = 10.13;
				PRODUCT_NAME = "$(TARGET_NAME)";
			};
			name = Release;
		};
		0A2301A1217830D0002AD5F3 /* Debug */ = {
			isa = XCBuildConfiguration;
			buildSettings = {
				CLANG_ANALYZER_NUMBER_OBJECT_CONVERSION = YES_AGGRESSIVE;
				CLANG_CXX_LANGUAGE_STANDARD = "gnu++14";
				CLANG_ENABLE_OBJC_WEAK = YES;
				CLANG_WARN_BLOCK_CAPTURE_AUTORELEASING = YES;
				CLANG_WARN_COMMA = YES;
				CLANG_WARN_DEPRECATED_OBJC_IMPLEMENTATIONS = YES;
				CLANG_WARN_NON_LITERAL_NULL_CONVERSION = YES;
				CLANG_WARN_OBJC_IMPLICIT_RETAIN_SELF = YES;
				CLANG_WARN_OBJC_LITERAL_CONVERSION = YES;
				CLANG_WARN_RANGE_LOOP_ANALYSIS = YES;
				CLANG_WARN_STRICT_PROTOTYPES = YES;
				CLANG_WARN_SUSPICIOUS_MOVE = YES;
				CLANG_WARN_UNGUARDED_AVAILABILITY = YES_AGGRESSIVE;
				CODE_SIGN_STYLE = Automatic;
				GCC_C_LANGUAGE_STANDARD = gnu11;
				MACOSX_DEPLOYMENT_TARGET = 10.13;
				MTL_ENABLE_DEBUG_INFO = INCLUDE_SOURCE;
				MTL_FAST_MATH = YES;
				PRODUCT_NAME = "$(TARGET_NAME)";
			};
			name = Debug;
		};
		0A2301A2217830D0002AD5F3 /* Release */ = {
			isa = XCBuildConfiguration;
			buildSettings = {
				CLANG_ANALYZER_NUMBER_OBJECT_CONVERSION = YES_AGGRESSIVE;
				CLANG_CXX_LANGUAGE_STANDARD = "gnu++14";
				CLANG_ENABLE_OBJC_WEAK = YES;
				CLANG_WARN_BLOCK_CAPTURE_AUTORELEASING = YES;
				CLANG_WARN_COMMA = YES;
				CLANG_WARN_DEPRECATED_OBJC_IMPLEMENTATIONS = YES;
				CLANG_WARN_NON_LITERAL_NULL_CONVERSION = YES;
				CLANG_WARN_OBJC_IMPLICIT_RETAIN_SELF = YES;
				CLANG_WARN_OBJC_LITERAL_CONVERSION = YES;
				CLANG_WARN_RANGE_LOOP_ANALYSIS = YES;
				CLANG_WARN_STRICT_PROTOTYPES = YES;
				CLANG_WARN_SUSPICIOUS_MOVE = YES;
				CLANG_WARN_UNGUARDED_AVAILABILITY = YES_AGGRESSIVE;
				CODE_SIGN_STYLE = Automatic;
				GCC_C_LANGUAGE_STANDARD = gnu11;
				MACOSX_DEPLOYMENT_TARGET = 10.13;
				MTL_FAST_MATH = YES;
				PRODUCT_NAME = "$(TARGET_NAME)";
			};
			name = Release;
		};
		0A3AFED3213CE6D900D50F09 /* Debug */ = {
			isa = XCBuildConfiguration;
			buildSettings = {
				CLANG_ANALYZER_NUMBER_OBJECT_CONVERSION = YES_AGGRESSIVE;
				CLANG_CXX_LANGUAGE_STANDARD = "gnu++14";
				CLANG_ENABLE_OBJC_WEAK = YES;
				CLANG_WARN_BLOCK_CAPTURE_AUTORELEASING = YES;
				CLANG_WARN_COMMA = YES;
				CLANG_WARN_DEPRECATED_OBJC_IMPLEMENTATIONS = YES;
				CLANG_WARN_NON_LITERAL_NULL_CONVERSION = YES;
				CLANG_WARN_OBJC_IMPLICIT_RETAIN_SELF = YES;
				CLANG_WARN_OBJC_LITERAL_CONVERSION = YES;
				CLANG_WARN_RANGE_LOOP_ANALYSIS = YES;
				CLANG_WARN_STRICT_PROTOTYPES = YES;
				CLANG_WARN_SUSPICIOUS_MOVE = YES;
				CLANG_WARN_UNGUARDED_AVAILABILITY = YES_AGGRESSIVE;
				CODE_SIGN_STYLE = Automatic;
				GCC_C_LANGUAGE_STANDARD = gnu11;
				MACOSX_DEPLOYMENT_TARGET = 10.13;
				PRODUCT_NAME = "$(TARGET_NAME)";
			};
			name = Debug;
		};
		0A3AFED4213CE6D900D50F09 /* Release */ = {
			isa = XCBuildConfiguration;
			buildSettings = {
				CLANG_ANALYZER_NUMBER_OBJECT_CONVERSION = YES_AGGRESSIVE;
				CLANG_CXX_LANGUAGE_STANDARD = "gnu++14";
				CLANG_ENABLE_OBJC_WEAK = YES;
				CLANG_WARN_BLOCK_CAPTURE_AUTORELEASING = YES;
				CLANG_WARN_COMMA = YES;
				CLANG_WARN_DEPRECATED_OBJC_IMPLEMENTATIONS = YES;
				CLANG_WARN_NON_LITERAL_NULL_CONVERSION = YES;
				CLANG_WARN_OBJC_IMPLICIT_RETAIN_SELF = YES;
				CLANG_WARN_OBJC_LITERAL_CONVERSION = YES;
				CLANG_WARN_RANGE_LOOP_ANALYSIS = YES;
				CLANG_WARN_STRICT_PROTOTYPES = YES;
				CLANG_WARN_SUSPICIOUS_MOVE = YES;
				CLANG_WARN_UNGUARDED_AVAILABILITY = YES_AGGRESSIVE;
				CODE_SIGN_STYLE = Automatic;
				GCC_C_LANGUAGE_STANDARD = gnu11;
				MACOSX_DEPLOYMENT_TARGET = 10.13;
				PRODUCT_NAME = "$(TARGET_NAME)";
			};
			name = Release;
		};
		0A402C6E21FFF76C00122300 /* Debug */ = {
			isa = XCBuildConfiguration;
			buildSettings = {
				CLANG_ANALYZER_NUMBER_OBJECT_CONVERSION = YES_AGGRESSIVE;
				CLANG_CXX_LANGUAGE_STANDARD = "gnu++14";
				CLANG_ENABLE_OBJC_WEAK = YES;
				CLANG_WARN_BLOCK_CAPTURE_AUTORELEASING = YES;
				CLANG_WARN_COMMA = YES;
				CLANG_WARN_DEPRECATED_OBJC_IMPLEMENTATIONS = YES;
				CLANG_WARN_NON_LITERAL_NULL_CONVERSION = YES;
				CLANG_WARN_OBJC_IMPLICIT_RETAIN_SELF = YES;
				CLANG_WARN_OBJC_LITERAL_CONVERSION = YES;
				CLANG_WARN_RANGE_LOOP_ANALYSIS = YES;
				CLANG_WARN_STRICT_PROTOTYPES = YES;
				CLANG_WARN_SUSPICIOUS_MOVE = YES;
				CLANG_WARN_UNGUARDED_AVAILABILITY = YES_AGGRESSIVE;
				CODE_SIGN_STYLE = Automatic;
				GCC_C_LANGUAGE_STANDARD = gnu11;
				MACOSX_DEPLOYMENT_TARGET = 10.14;
				MTL_ENABLE_DEBUG_INFO = INCLUDE_SOURCE;
				MTL_FAST_MATH = YES;
				PRODUCT_NAME = "$(TARGET_NAME)";
			};
			name = Debug;
		};
		0A402C6F21FFF76C00122300 /* Release */ = {
			isa = XCBuildConfiguration;
			buildSettings = {
				CLANG_ANALYZER_NUMBER_OBJECT_CONVERSION = YES_AGGRESSIVE;
				CLANG_CXX_LANGUAGE_STANDARD = "gnu++14";
				CLANG_ENABLE_OBJC_WEAK = YES;
				CLANG_WARN_BLOCK_CAPTURE_AUTORELEASING = YES;
				CLANG_WARN_COMMA = YES;
				CLANG_WARN_DEPRECATED_OBJC_IMPLEMENTATIONS = YES;
				CLANG_WARN_NON_LITERAL_NULL_CONVERSION = YES;
				CLANG_WARN_OBJC_IMPLICIT_RETAIN_SELF = YES;
				CLANG_WARN_OBJC_LITERAL_CONVERSION = YES;
				CLANG_WARN_RANGE_LOOP_ANALYSIS = YES;
				CLANG_WARN_STRICT_PROTOTYPES = YES;
				CLANG_WARN_SUSPICIOUS_MOVE = YES;
				CLANG_WARN_UNGUARDED_AVAILABILITY = YES_AGGRESSIVE;
				CODE_SIGN_STYLE = Automatic;
				GCC_C_LANGUAGE_STANDARD = gnu11;
				MACOSX_DEPLOYMENT_TARGET = 10.14;
				MTL_FAST_MATH = YES;
				PRODUCT_NAME = "$(TARGET_NAME)";
			};
			name = Release;
		};
		0A724BE720EE21F300BC26EC /* Debug */ = {
			isa = XCBuildConfiguration;
			buildSettings = {
				CLANG_ANALYZER_NUMBER_OBJECT_CONVERSION = YES_AGGRESSIVE;
				CLANG_CXX_LANGUAGE_STANDARD = "gnu++14";
				CLANG_ENABLE_OBJC_WEAK = YES;
				CLANG_WARN_BLOCK_CAPTURE_AUTORELEASING = YES;
				CLANG_WARN_COMMA = YES;
				CLANG_WARN_DEPRECATED_OBJC_IMPLEMENTATIONS = YES;
				CLANG_WARN_NON_LITERAL_NULL_CONVERSION = YES;
				CLANG_WARN_OBJC_IMPLICIT_RETAIN_SELF = YES;
				CLANG_WARN_OBJC_LITERAL_CONVERSION = YES;
				CLANG_WARN_RANGE_LOOP_ANALYSIS = YES;
				CLANG_WARN_STRICT_PROTOTYPES = YES;
				CLANG_WARN_SUSPICIOUS_MOVE = YES;
				CLANG_WARN_UNGUARDED_AVAILABILITY = YES_AGGRESSIVE;
				CODE_SIGN_STYLE = Automatic;
				FRAMEWORK_SEARCH_PATHS = (
					"$(inherited)",
					"$(PROJECT_DIR)",
				);
				GCC_C_LANGUAGE_STANDARD = gnu11;
				MACOSX_DEPLOYMENT_TARGET = 10.13;
				PRODUCT_NAME = "$(TARGET_NAME)";
			};
			name = Debug;
		};
		0A724BE820EE21F300BC26EC /* Release */ = {
			isa = XCBuildConfiguration;
			buildSettings = {
				CLANG_ANALYZER_NUMBER_OBJECT_CONVERSION = YES_AGGRESSIVE;
				CLANG_CXX_LANGUAGE_STANDARD = "gnu++14";
				CLANG_ENABLE_OBJC_WEAK = YES;
				CLANG_WARN_BLOCK_CAPTURE_AUTORELEASING = YES;
				CLANG_WARN_COMMA = YES;
				CLANG_WARN_DEPRECATED_OBJC_IMPLEMENTATIONS = YES;
				CLANG_WARN_NON_LITERAL_NULL_CONVERSION = YES;
				CLANG_WARN_OBJC_IMPLICIT_RETAIN_SELF = YES;
				CLANG_WARN_OBJC_LITERAL_CONVERSION = YES;
				CLANG_WARN_RANGE_LOOP_ANALYSIS = YES;
				CLANG_WARN_STRICT_PROTOTYPES = YES;
				CLANG_WARN_SUSPICIOUS_MOVE = YES;
				CLANG_WARN_UNGUARDED_AVAILABILITY = YES_AGGRESSIVE;
				CODE_SIGN_STYLE = Automatic;
				FRAMEWORK_SEARCH_PATHS = (
					"$(inherited)",
					"$(PROJECT_DIR)",
				);
				GCC_C_LANGUAGE_STANDARD = gnu11;
				MACOSX_DEPLOYMENT_TARGET = 10.13;
				PRODUCT_NAME = "$(TARGET_NAME)";
			};
			name = Release;
		};
		0AD4E2FA2137E1CD00647F01 /* Debug */ = {
			isa = XCBuildConfiguration;
			buildSettings = {
				CLANG_ANALYZER_NUMBER_OBJECT_CONVERSION = YES_AGGRESSIVE;
				CLANG_CXX_LANGUAGE_STANDARD = "gnu++14";
				CLANG_ENABLE_OBJC_WEAK = YES;
				CLANG_WARN_BLOCK_CAPTURE_AUTORELEASING = YES;
				CLANG_WARN_COMMA = YES;
				CLANG_WARN_DEPRECATED_OBJC_IMPLEMENTATIONS = YES;
				CLANG_WARN_NON_LITERAL_NULL_CONVERSION = YES;
				CLANG_WARN_OBJC_IMPLICIT_RETAIN_SELF = YES;
				CLANG_WARN_OBJC_LITERAL_CONVERSION = YES;
				CLANG_WARN_RANGE_LOOP_ANALYSIS = YES;
				CLANG_WARN_STRICT_PROTOTYPES = YES;
				CLANG_WARN_SUSPICIOUS_MOVE = YES;
				CLANG_WARN_UNGUARDED_AVAILABILITY = YES_AGGRESSIVE;
				CODE_SIGN_STYLE = Automatic;
				GCC_C_LANGUAGE_STANDARD = gnu11;
				MACOSX_DEPLOYMENT_TARGET = 10.13;
				PRODUCT_NAME = "$(TARGET_NAME)";
			};
			name = Debug;
		};
		0AD4E2FB2137E1CD00647F01 /* Release */ = {
			isa = XCBuildConfiguration;
			buildSettings = {
				CLANG_ANALYZER_NUMBER_OBJECT_CONVERSION = YES_AGGRESSIVE;
				CLANG_CXX_LANGUAGE_STANDARD = "gnu++14";
				CLANG_ENABLE_OBJC_WEAK = YES;
				CLANG_WARN_BLOCK_CAPTURE_AUTORELEASING = YES;
				CLANG_WARN_COMMA = YES;
				CLANG_WARN_DEPRECATED_OBJC_IMPLEMENTATIONS = YES;
				CLANG_WARN_NON_LITERAL_NULL_CONVERSION = YES;
				CLANG_WARN_OBJC_IMPLICIT_RETAIN_SELF = YES;
				CLANG_WARN_OBJC_LITERAL_CONVERSION = YES;
				CLANG_WARN_RANGE_LOOP_ANALYSIS = YES;
				CLANG_WARN_STRICT_PROTOTYPES = YES;
				CLANG_WARN_SUSPICIOUS_MOVE = YES;
				CLANG_WARN_UNGUARDED_AVAILABILITY = YES_AGGRESSIVE;
				CODE_SIGN_STYLE = Automatic;
				GCC_C_LANGUAGE_STANDARD = gnu11;
				MACOSX_DEPLOYMENT_TARGET = 10.13;
				PRODUCT_NAME = "$(TARGET_NAME)";
			};
			name = Release;
		};
		8C136B722138415200FB52F1 /* Debug */ = {
			isa = XCBuildConfiguration;
			buildSettings = {
				CLANG_ANALYZER_NUMBER_OBJECT_CONVERSION = YES_AGGRESSIVE;
				CLANG_CXX_LANGUAGE_STANDARD = "gnu++14";
				CLANG_WARN_BLOCK_CAPTURE_AUTORELEASING = YES;
				CLANG_WARN_COMMA = YES;
				CLANG_WARN_NON_LITERAL_NULL_CONVERSION = YES;
				CLANG_WARN_OBJC_LITERAL_CONVERSION = YES;
				CLANG_WARN_RANGE_LOOP_ANALYSIS = YES;
				CLANG_WARN_STRICT_PROTOTYPES = YES;
				CLANG_WARN_SUSPICIOUS_MOVE = YES;
				CLANG_WARN_UNGUARDED_AVAILABILITY = YES_AGGRESSIVE;
				CODE_SIGN_STYLE = Automatic;
				GCC_C_LANGUAGE_STANDARD = gnu11;
				MACOSX_DEPLOYMENT_TARGET = 10.13;
				PRODUCT_NAME = "$(TARGET_NAME)";
			};
			name = Debug;
		};
		8C136B732138415200FB52F1 /* Release */ = {
			isa = XCBuildConfiguration;
			buildSettings = {
				CLANG_ANALYZER_NUMBER_OBJECT_CONVERSION = YES_AGGRESSIVE;
				CLANG_CXX_LANGUAGE_STANDARD = "gnu++14";
				CLANG_WARN_BLOCK_CAPTURE_AUTORELEASING = YES;
				CLANG_WARN_COMMA = YES;
				CLANG_WARN_NON_LITERAL_NULL_CONVERSION = YES;
				CLANG_WARN_OBJC_LITERAL_CONVERSION = YES;
				CLANG_WARN_RANGE_LOOP_ANALYSIS = YES;
				CLANG_WARN_STRICT_PROTOTYPES = YES;
				CLANG_WARN_SUSPICIOUS_MOVE = YES;
				CLANG_WARN_UNGUARDED_AVAILABILITY = YES_AGGRESSIVE;
				CODE_SIGN_STYLE = Automatic;
				GCC_C_LANGUAGE_STANDARD = gnu11;
				MACOSX_DEPLOYMENT_TARGET = 10.13;
				PRODUCT_NAME = "$(TARGET_NAME)";
			};
			name = Release;
		};
		8C136B822139782600FB52F1 /* Debug */ = {
			isa = XCBuildConfiguration;
			buildSettings = {
				CLANG_ANALYZER_NUMBER_OBJECT_CONVERSION = YES_AGGRESSIVE;
				CLANG_CXX_LANGUAGE_STANDARD = "c++0x";
				CLANG_WARN_BLOCK_CAPTURE_AUTORELEASING = YES;
				CLANG_WARN_COMMA = YES;
				CLANG_WARN_NON_LITERAL_NULL_CONVERSION = YES;
				CLANG_WARN_OBJC_LITERAL_CONVERSION = YES;
				CLANG_WARN_RANGE_LOOP_ANALYSIS = YES;
				CLANG_WARN_STRICT_PROTOTYPES = YES;
				CLANG_WARN_SUSPICIOUS_MOVE = YES;
				CLANG_WARN_UNGUARDED_AVAILABILITY = YES_AGGRESSIVE;
				CODE_SIGN_STYLE = Automatic;
				GCC_C_LANGUAGE_STANDARD = gnu11;
				MACOSX_DEPLOYMENT_TARGET = 10.13;
				PRODUCT_NAME = "$(TARGET_NAME)";
			};
			name = Debug;
		};
		8C136B832139782600FB52F1 /* Release */ = {
			isa = XCBuildConfiguration;
			buildSettings = {
				CLANG_ANALYZER_NUMBER_OBJECT_CONVERSION = YES_AGGRESSIVE;
				CLANG_CXX_LANGUAGE_STANDARD = "c++0x";
				CLANG_WARN_BLOCK_CAPTURE_AUTORELEASING = YES;
				CLANG_WARN_COMMA = YES;
				CLANG_WARN_NON_LITERAL_NULL_CONVERSION = YES;
				CLANG_WARN_OBJC_LITERAL_CONVERSION = YES;
				CLANG_WARN_RANGE_LOOP_ANALYSIS = YES;
				CLANG_WARN_STRICT_PROTOTYPES = YES;
				CLANG_WARN_SUSPICIOUS_MOVE = YES;
				CLANG_WARN_UNGUARDED_AVAILABILITY = YES_AGGRESSIVE;
				CODE_SIGN_STYLE = Automatic;
				GCC_C_LANGUAGE_STANDARD = gnu11;
				MACOSX_DEPLOYMENT_TARGET = 10.13;
				PRODUCT_NAME = "$(TARGET_NAME)";
			};
			name = Release;
		};
		A518C53A1DC7522000BEF286 /* Debug */ = {
			isa = XCBuildConfiguration;
			buildSettings = {
				ALWAYS_SEARCH_USER_PATHS = NO;
				CLANG_ANALYZER_NONNULL = YES;
				CLANG_CXX_LANGUAGE_STANDARD = "gnu++0x";
				CLANG_CXX_LIBRARY = "libc++";
				CLANG_ENABLE_MODULES = YES;
				CLANG_ENABLE_OBJC_ARC = YES;
				CLANG_WARN_BLOCK_CAPTURE_AUTORELEASING = YES;
				CLANG_WARN_BOOL_CONVERSION = YES;
				CLANG_WARN_COMMA = YES;
				CLANG_WARN_CONSTANT_CONVERSION = YES;
				CLANG_WARN_DEPRECATED_OBJC_IMPLEMENTATIONS = YES;
				CLANG_WARN_DIRECT_OBJC_ISA_USAGE = YES_ERROR;
				CLANG_WARN_DOCUMENTATION_COMMENTS = YES;
				CLANG_WARN_EMPTY_BODY = YES;
				CLANG_WARN_ENUM_CONVERSION = YES;
				CLANG_WARN_INFINITE_RECURSION = YES;
				CLANG_WARN_INT_CONVERSION = YES;
				CLANG_WARN_NON_LITERAL_NULL_CONVERSION = YES;
				CLANG_WARN_OBJC_IMPLICIT_RETAIN_SELF = YES;
				CLANG_WARN_OBJC_LITERAL_CONVERSION = YES;
				CLANG_WARN_OBJC_ROOT_CLASS = YES_ERROR;
				CLANG_WARN_RANGE_LOOP_ANALYSIS = YES;
				CLANG_WARN_STRICT_PROTOTYPES = YES;
				CLANG_WARN_SUSPICIOUS_MOVE = YES;
				CLANG_WARN_SUSPICIOUS_MOVES = YES;
				CLANG_WARN_UNREACHABLE_CODE = YES;
				CLANG_WARN__DUPLICATE_METHOD_MATCH = YES;
				CODE_SIGN_IDENTITY = "-";
				COPY_PHASE_STRIP = NO;
				DEBUG_INFORMATION_FORMAT = dwarf;
				ENABLE_STRICT_OBJC_MSGSEND = YES;
				ENABLE_TESTABILITY = YES;
				GCC_C_LANGUAGE_STANDARD = gnu99;
				GCC_DYNAMIC_NO_PIC = NO;
				GCC_NO_COMMON_BLOCKS = YES;
				GCC_OPTIMIZATION_LEVEL = 0;
				GCC_PREPROCESSOR_DEFINITIONS = (
					"DEBUG=1",
					"$(inherited)",
				);
				GCC_WARN_64_TO_32_BIT_CONVERSION = YES;
				GCC_WARN_ABOUT_RETURN_TYPE = YES_ERROR;
				GCC_WARN_UNDECLARED_SELECTOR = YES;
				GCC_WARN_UNINITIALIZED_AUTOS = YES_AGGRESSIVE;
				GCC_WARN_UNUSED_FUNCTION = YES;
				GCC_WARN_UNUSED_VARIABLE = YES;
				MACOSX_DEPLOYMENT_TARGET = 10.11;
				MTL_ENABLE_DEBUG_INFO = YES;
				ONLY_ACTIVE_ARCH = YES;
				SDKROOT = macosx;
			};
			name = Debug;
		};
		A518C53B1DC7522000BEF286 /* Release */ = {
			isa = XCBuildConfiguration;
			buildSettings = {
				ALWAYS_SEARCH_USER_PATHS = NO;
				CLANG_ANALYZER_NONNULL = YES;
				CLANG_CXX_LANGUAGE_STANDARD = "gnu++0x";
				CLANG_CXX_LIBRARY = "libc++";
				CLANG_ENABLE_MODULES = YES;
				CLANG_ENABLE_OBJC_ARC = YES;
				CLANG_WARN_BLOCK_CAPTURE_AUTORELEASING = YES;
				CLANG_WARN_BOOL_CONVERSION = YES;
				CLANG_WARN_COMMA = YES;
				CLANG_WARN_CONSTANT_CONVERSION = YES;
				CLANG_WARN_DEPRECATED_OBJC_IMPLEMENTATIONS = YES;
				CLANG_WARN_DIRECT_OBJC_ISA_USAGE = YES_ERROR;
				CLANG_WARN_DOCUMENTATION_COMMENTS = YES;
				CLANG_WARN_EMPTY_BODY = YES;
				CLANG_WARN_ENUM_CONVERSION = YES;
				CLANG_WARN_INFINITE_RECURSION = YES;
				CLANG_WARN_INT_CONVERSION = YES;
				CLANG_WARN_NON_LITERAL_NULL_CONVERSION = YES;
				CLANG_WARN_OBJC_IMPLICIT_RETAIN_SELF = YES;
				CLANG_WARN_OBJC_LITERAL_CONVERSION = YES;
				CLANG_WARN_OBJC_ROOT_CLASS = YES_ERROR;
				CLANG_WARN_RANGE_LOOP_ANALYSIS = YES;
				CLANG_WARN_STRICT_PROTOTYPES = YES;
				CLANG_WARN_SUSPICIOUS_MOVE = YES;
				CLANG_WARN_SUSPICIOUS_MOVES = YES;
				CLANG_WARN_UNREACHABLE_CODE = YES;
				CLANG_WARN__DUPLICATE_METHOD_MATCH = YES;
				CODE_SIGN_IDENTITY = "-";
				COPY_PHASE_STRIP = NO;
				DEBUG_INFORMATION_FORMAT = "dwarf-with-dsym";
				ENABLE_NS_ASSERTIONS = NO;
				ENABLE_STRICT_OBJC_MSGSEND = YES;
				GCC_C_LANGUAGE_STANDARD = gnu99;
				GCC_NO_COMMON_BLOCKS = YES;
				GCC_WARN_64_TO_32_BIT_CONVERSION = YES;
				GCC_WARN_ABOUT_RETURN_TYPE = YES_ERROR;
				GCC_WARN_UNDECLARED_SELECTOR = YES;
				GCC_WARN_UNINITIALIZED_AUTOS = YES_AGGRESSIVE;
				GCC_WARN_UNUSED_FUNCTION = YES;
				GCC_WARN_UNUSED_VARIABLE = YES;
				MACOSX_DEPLOYMENT_TARGET = 10.11;
				MTL_ENABLE_DEBUG_INFO = NO;
				SDKROOT = macosx;
			};
			name = Release;
		};
		A518C53D1DC7522000BEF286 /* Debug */ = {
			isa = XCBuildConfiguration;
			buildSettings = {
				PRODUCT_NAME = "$(TARGET_NAME)";
			};
			name = Debug;
		};
		A518C53E1DC7522000BEF286 /* Release */ = {
			isa = XCBuildConfiguration;
			buildSettings = {
				PRODUCT_NAME = "$(TARGET_NAME)";
			};
			name = Release;
		};
		A518C5481DC7524D00BEF286 /* Debug */ = {
			isa = XCBuildConfiguration;
			buildSettings = {
				CLANG_CXX_LANGUAGE_STANDARD = "gnu++0x";
				CLANG_WARN_CXX0X_EXTENSIONS = NO;
				PRODUCT_NAME = "$(TARGET_NAME)";
			};
			name = Debug;
		};
		A518C5491DC7524D00BEF286 /* Release */ = {
			isa = XCBuildConfiguration;
			buildSettings = {
				CLANG_CXX_LANGUAGE_STANDARD = "gnu++0x";
				CLANG_WARN_CXX0X_EXTENSIONS = NO;
				PRODUCT_NAME = "$(TARGET_NAME)";
			};
			name = Release;
		};
/* End XCBuildConfiguration section */

/* Begin XCConfigurationList section */
		0A05057221886016003EF11F /* Build configuration list for PBXNativeTarget "LintCode" */ = {
			isa = XCConfigurationList;
			buildConfigurations = (
				0A05057321886016003EF11F /* Debug */,
				0A05057421886016003EF11F /* Release */,
			);
			defaultConfigurationIsVisible = 0;
			defaultConfigurationName = Release;
		};
		0A1F21352148E854004FFBDE /* Build configuration list for PBXNativeTarget "Chapter4_Queue" */ = {
			isa = XCConfigurationList;
			buildConfigurations = (
				0A1F21362148E854004FFBDE /* Debug */,
				0A1F21372148E854004FFBDE /* Release */,
			);
			defaultConfigurationIsVisible = 0;
			defaultConfigurationName = Release;
		};
		0A2301A0217830D0002AD5F3 /* Build configuration list for PBXNativeTarget "Chapter6_Graph" */ = {
			isa = XCConfigurationList;
			buildConfigurations = (
				0A2301A1217830D0002AD5F3 /* Debug */,
				0A2301A2217830D0002AD5F3 /* Release */,
			);
			defaultConfigurationIsVisible = 0;
			defaultConfigurationName = Release;
		};
		0A3AFED5213CE6D900D50F09 /* Build configuration list for PBXNativeTarget "Chapter5_Tree" */ = {
			isa = XCConfigurationList;
			buildConfigurations = (
				0A3AFED3213CE6D900D50F09 /* Debug */,
				0A3AFED4213CE6D900D50F09 /* Release */,
			);
			defaultConfigurationIsVisible = 0;
			defaultConfigurationName = Release;
		};
		0A402C6D21FFF76C00122300 /* Build configuration list for PBXNativeTarget "Chapter7_BinarySearchTree" */ = {
			isa = XCConfigurationList;
			buildConfigurations = (
				0A402C6E21FFF76C00122300 /* Debug */,
				0A402C6F21FFF76C00122300 /* Release */,
			);
			defaultConfigurationIsVisible = 0;
			defaultConfigurationName = Release;
		};
		0A724BE920EE21F300BC26EC /* Build configuration list for PBXNativeTarget "Data Structures Tests" */ = {
			isa = XCConfigurationList;
			buildConfigurations = (
				0A724BE720EE21F300BC26EC /* Debug */,
				0A724BE820EE21F300BC26EC /* Release */,
			);
			defaultConfigurationIsVisible = 0;
			defaultConfigurationName = Release;
		};
		0AD4E2F92137E1CD00647F01 /* Build configuration list for PBXNativeTarget "Chapter0" */ = {
			isa = XCConfigurationList;
			buildConfigurations = (
				0AD4E2FA2137E1CD00647F01 /* Debug */,
				0AD4E2FB2137E1CD00647F01 /* Release */,
			);
			defaultConfigurationIsVisible = 0;
			defaultConfigurationName = Release;
		};
		8C136B742138415200FB52F1 /* Build configuration list for PBXNativeTarget "Chapter4_Stack" */ = {
			isa = XCConfigurationList;
			buildConfigurations = (
				8C136B722138415200FB52F1 /* Debug */,
				8C136B732138415200FB52F1 /* Release */,
			);
			defaultConfigurationIsVisible = 0;
			defaultConfigurationName = Release;
		};
		8C136B812139782600FB52F1 /* Build configuration list for PBXNativeTarget "CPlusPrimer" */ = {
			isa = XCConfigurationList;
			buildConfigurations = (
				8C136B822139782600FB52F1 /* Debug */,
				8C136B832139782600FB52F1 /* Release */,
			);
			defaultConfigurationIsVisible = 0;
			defaultConfigurationName = Release;
		};
		A518C5301DC7522000BEF286 /* Build configuration list for PBXProject "Data Structures" */ = {
			isa = XCConfigurationList;
			buildConfigurations = (
				A518C53A1DC7522000BEF286 /* Debug */,
				A518C53B1DC7522000BEF286 /* Release */,
			);
			defaultConfigurationIsVisible = 0;
			defaultConfigurationName = Release;
		};
		A518C53C1DC7522000BEF286 /* Build configuration list for PBXNativeTarget "Data Structures" */ = {
			isa = XCConfigurationList;
			buildConfigurations = (
				A518C53D1DC7522000BEF286 /* Debug */,
				A518C53E1DC7522000BEF286 /* Release */,
			);
			defaultConfigurationIsVisible = 0;
			defaultConfigurationName = Release;
		};
		A518C5471DC7524D00BEF286 /* Build configuration list for PBXNativeTarget "Chapter3_List" */ = {
			isa = XCConfigurationList;
			buildConfigurations = (
				A518C5481DC7524D00BEF286 /* Debug */,
				A518C5491DC7524D00BEF286 /* Release */,
			);
			defaultConfigurationIsVisible = 0;
			defaultConfigurationName = Release;
		};
/* End XCConfigurationList section */
	};
	rootObject = A518C52D1DC7522000BEF286 /* Project object */;
}
